
Microsoft Visual Studio Solution File, Format Version 12.00
# Visual Studio Version 17
VisualStudioVersion = 17.8.34330.188
MinimumVisualStudioVersion = 10.0.40219.1
Project("{FAE04EC0-301F-11D3-BF4B-00C04F79EFBC}") = "Sudoku", "Sudoku.csproj", "{7F221CCC-9555-4671-BCC3-845F87823925}"
EndProject
Project("{2150E333-8FDC-42A3-9474-1A3956D46DE8}") = "Solution Items", "Solution Items", "{76CF4B2A-0F26-4743-907F-4894ED13E698}"
	ProjectSection(SolutionItems) = preProject
		.editorconfig = .editorconfig
	EndProjectSection
EndProject
Global
	GlobalSection(SolutionConfigurationPlatforms) = preSolution
		Debug|Any CPU = Debug|Any CPU
		Release|Any CPU = Release|Any CPU
	EndGlobalSection
	GlobalSection(ProjectConfigurationPlatforms) = postSolution
		{7F221CCC-9555-4671-BCC3-845F87823925}.Debug|Any CPU.ActiveCfg = Debug|Any CPU
		{7F221CCC-9555-4671-BCC3-845F87823925}.Debug|Any CPU.Build.0 = Debug|Any CPU
		{7F221CCC-9555-4671-BCC3-845F87823925}.Release|Any CPU.ActiveCfg = Release|Any CPU
		{7F221CCC-9555-4671-BCC3-845F87823925}.Release|Any CPU.Build.0 = Release|Any CPU
	EndGlobalSection
	GlobalSection(SolutionProperties) = preSolution
		HideSolutionNode = FALSE
	EndGlobalSection
	GlobalSection(ExtensibilityGlobals) = postSolution
		SolutionGuid = {27E301A5-F691-48E1-BA9F-4B26D11C5662}
	EndGlobalSection
EndGlobal
